// !$*UTF8*$!
{
	archiveVersion = 1;
	classes = {
	};
	objectVersion = 50;
	objects = {

/* Begin PBXBuildFile section */
		1170DDC7232971D4008D9B09 /* AppDelegate.swift in Sources */ = {isa = PBXBuildFile; fileRef = 1170DDC6232971D4008D9B09 /* AppDelegate.swift */; };
		1170DDCC232971D4008D9B09 /* Main.storyboard in Resources */ = {isa = PBXBuildFile; fileRef = 1170DDCA232971D4008D9B09 /* Main.storyboard */; };
		1170DDCE232971D7008D9B09 /* Assets.xcassets in Resources */ = {isa = PBXBuildFile; fileRef = 1170DDCD232971D7008D9B09 /* Assets.xcassets */; };
		1170DDD1232971D7008D9B09 /* LaunchScreen.storyboard in Resources */ = {isa = PBXBuildFile; fileRef = 1170DDCF232971D7008D9B09 /* LaunchScreen.storyboard */; };
		1170DDDE2329727A008D9B09 /* MainViewController.swift in Sources */ = {isa = PBXBuildFile; fileRef = 1170DDDD2329727A008D9B09 /* MainViewController.swift */; };
		1170DDE02329844B008D9B09 /* RedditClient.swift in Sources */ = {isa = PBXBuildFile; fileRef = 1170DDDF2329844B008D9B09 /* RedditClient.swift */; };
		1170DDE2232984B6008D9B09 /* Entry.swift in Sources */ = {isa = PBXBuildFile; fileRef = 1170DDE1232984B6008D9B09 /* Entry.swift */; };
		1170DDE42329BAF8008D9B09 /* EntryTableViewCell.swift in Sources */ = {isa = PBXBuildFile; fileRef = 1170DDE32329BAF8008D9B09 /* EntryTableViewCell.swift */; };
		1170DDE72329C8DE008D9B09 /* Date+Extensions.swift in Sources */ = {isa = PBXBuildFile; fileRef = 1170DDE62329C8DE008D9B09 /* Date+Extensions.swift */; };
		1170DDE92329C907008D9B09 /* UIImage+Extensions.swift in Sources */ = {isa = PBXBuildFile; fileRef = 1170DDE82329C907008D9B09 /* UIImage+Extensions.swift */; };
/* End PBXBuildFile section */

/* Begin PBXFileReference section */
		1170DDC3232971D4008D9B09 /* RedditTopEntries.app */ = {isa = PBXFileReference; explicitFileType = wrapper.application; includeInIndex = 0; path = RedditTopEntries.app; sourceTree = BUILT_PRODUCTS_DIR; };
		1170DDC6232971D4008D9B09 /* AppDelegate.swift */ = {isa = PBXFileReference; lastKnownFileType = sourcecode.swift; path = AppDelegate.swift; sourceTree = "<group>"; };
		1170DDCB232971D4008D9B09 /* Base */ = {isa = PBXFileReference; lastKnownFileType = file.storyboard; name = Base; path = Base.lproj/Main.storyboard; sourceTree = "<group>"; };
		1170DDCD232971D7008D9B09 /* Assets.xcassets */ = {isa = PBXFileReference; lastKnownFileType = folder.assetcatalog; path = Assets.xcassets; sourceTree = "<group>"; };
		1170DDD0232971D7008D9B09 /* Base */ = {isa = PBXFileReference; lastKnownFileType = file.storyboard; name = Base; path = Base.lproj/LaunchScreen.storyboard; sourceTree = "<group>"; };
		1170DDD2232971D7008D9B09 /* Info.plist */ = {isa = PBXFileReference; lastKnownFileType = text.plist.xml; path = Info.plist; sourceTree = "<group>"; };
		1170DDDD2329727A008D9B09 /* MainViewController.swift */ = {isa = PBXFileReference; lastKnownFileType = sourcecode.swift; path = MainViewController.swift; sourceTree = "<group>"; };
		1170DDDF2329844B008D9B09 /* RedditClient.swift */ = {isa = PBXFileReference; lastKnownFileType = sourcecode.swift; path = RedditClient.swift; sourceTree = "<group>"; };
		1170DDE1232984B6008D9B09 /* Entry.swift */ = {isa = PBXFileReference; lastKnownFileType = sourcecode.swift; path = Entry.swift; sourceTree = "<group>"; };
		1170DDE32329BAF8008D9B09 /* EntryTableViewCell.swift */ = {isa = PBXFileReference; lastKnownFileType = sourcecode.swift; path = EntryTableViewCell.swift; sourceTree = "<group>"; };
		1170DDE62329C8DE008D9B09 /* Date+Extensions.swift */ = {isa = PBXFileReference; lastKnownFileType = sourcecode.swift; path = "Date+Extensions.swift"; sourceTree = "<group>"; };
		1170DDE82329C907008D9B09 /* UIImage+Extensions.swift */ = {isa = PBXFileReference; lastKnownFileType = sourcecode.swift; path = "UIImage+Extensions.swift"; sourceTree = "<group>"; };
/* End PBXFileReference section */

/* Begin PBXFrameworksBuildPhase section */
		1170DDC0232971D4008D9B09 /* Frameworks */ = {
			isa = PBXFrameworksBuildPhase;
			buildActionMask = 2147483647;
			files = (
			);
			runOnlyForDeploymentPostprocessing = 0;
		};
/* End PBXFrameworksBuildPhase section */

/* Begin PBXGroup section */
		1170DDBA232971D4008D9B09 = {
			isa = PBXGroup;
			children = (
				1170DDC5232971D4008D9B09 /* RedditTopEntries */,
				1170DDC4232971D4008D9B09 /* Products */,
			);
			sourceTree = "<group>";
		};
		1170DDC4232971D4008D9B09 /* Products */ = {
			isa = PBXGroup;
			children = (
				1170DDC3232971D4008D9B09 /* RedditTopEntries.app */,
			);
			name = Products;
			sourceTree = "<group>";
		};
		1170DDC5232971D4008D9B09 /* RedditTopEntries */ = {
			isa = PBXGroup;
			children = (
				1170DDD82329720A008D9B09 /* Code */,
				1170DDCA232971D4008D9B09 /* Main.storyboard */,
				1170DDCD232971D7008D9B09 /* Assets.xcassets */,
				1170DDCF232971D7008D9B09 /* LaunchScreen.storyboard */,
				1170DDD2232971D7008D9B09 /* Info.plist */,
			);
			path = RedditTopEntries;
			sourceTree = "<group>";
		};
		1170DDD82329720A008D9B09 /* Code */ = {
			isa = PBXGroup;
			children = (
				1170DDC6232971D4008D9B09 /* AppDelegate.swift */,
				1170DDDC23297231008D9B09 /* Controller */,
				1170DDDB2329722D008D9B09 /* View */,
				1170DDDA23297228008D9B09 /* Model */,
				1170DDD923297211008D9B09 /* Network */,
				1170DDE52329C89E008D9B09 /* Extension */,
			);
			path = Code;
			sourceTree = "<group>";
		};
		1170DDD923297211008D9B09 /* Network */ = {
			isa = PBXGroup;
			children = (
				1170DDDF2329844B008D9B09 /* RedditClient.swift */,
			);
			path = Network;
			sourceTree = "<group>";
		};
		1170DDDA23297228008D9B09 /* Model */ = {
			isa = PBXGroup;
			children = (
				1170DDE1232984B6008D9B09 /* Entry.swift */,
			);
			path = Model;
			sourceTree = "<group>";
		};
		1170DDDB2329722D008D9B09 /* View */ = {
			isa = PBXGroup;
			children = (
				1170DDE32329BAF8008D9B09 /* EntryTableViewCell.swift */,
			);
			path = View;
			sourceTree = "<group>";
		};
		1170DDDC23297231008D9B09 /* Controller */ = {
			isa = PBXGroup;
			children = (
				1170DDDD2329727A008D9B09 /* MainViewController.swift */,
			);
			path = Controller;
			sourceTree = "<group>";
		};
		1170DDE52329C89E008D9B09 /* Extension */ = {
			isa = PBXGroup;
			children = (
				1170DDE62329C8DE008D9B09 /* Date+Extensions.swift */,
				1170DDE82329C907008D9B09 /* UIImage+Extensions.swift */,
			);
			path = Extension;
			sourceTree = "<group>";
		};
/* End PBXGroup section */

/* Begin PBXNativeTarget section */
		1170DDC2232971D4008D9B09 /* RedditTopEntries */ = {
			isa = PBXNativeTarget;
			buildConfigurationList = 1170DDD5232971D7008D9B09 /* Build configuration list for PBXNativeTarget "RedditTopEntries" */;
			buildPhases = (
				1170DDBF232971D4008D9B09 /* Sources */,
				1170DDC0232971D4008D9B09 /* Frameworks */,
				1170DDC1232971D4008D9B09 /* Resources */,
			);
			buildRules = (
			);
			dependencies = (
			);
			name = RedditTopEntries;
			productName = RedditTopEntries;
			productReference = 1170DDC3232971D4008D9B09 /* RedditTopEntries.app */;
			productType = "com.apple.product-type.application";
		};
/* End PBXNativeTarget section */

/* Begin PBXProject section */
		1170DDBB232971D4008D9B09 /* Project object */ = {
			isa = PBXProject;
			attributes = {
				LastSwiftUpdateCheck = 1030;
				LastUpgradeCheck = 1030;
				ORGANIZATIONNAME = "Rodrigo De Santiago";
				TargetAttributes = {
					1170DDC2232971D4008D9B09 = {
						CreatedOnToolsVersion = 10.3;
					};
				};
			};
			buildConfigurationList = 1170DDBE232971D4008D9B09 /* Build configuration list for PBXProject "RedditTopEntries" */;
			compatibilityVersion = "Xcode 9.3";
			developmentRegion = en;
			hasScannedForEncodings = 0;
			knownRegions = (
				en,
				Base,
			);
			mainGroup = 1170DDBA232971D4008D9B09;
			productRefGroup = 1170DDC4232971D4008D9B09 /* Products */;
			projectDirPath = "";
			projectRoot = "";
			targets = (
				1170DDC2232971D4008D9B09 /* RedditTopEntries */,
			);
		};
/* End PBXProject section */

/* Begin PBXResourcesBuildPhase section */
		1170DDC1232971D4008D9B09 /* Resources */ = {
			isa = PBXResourcesBuildPhase;
			buildActionMask = 2147483647;
			files = (
				1170DDD1232971D7008D9B09 /* LaunchScreen.storyboard in Resources */,
				1170DDCE232971D7008D9B09 /* Assets.xcassets in Resources */,
				1170DDCC232971D4008D9B09 /* Main.storyboard in Resources */,
			);
			runOnlyForDeploymentPostprocessing = 0;
		};
/* End PBXResourcesBuildPhase section */

/* Begin PBXSourcesBuildPhase section */
		1170DDBF232971D4008D9B09 /* Sources */ = {
			isa = PBXSourcesBuildPhase;
			buildActionMask = 2147483647;
			files = (
				1170DDE2232984B6008D9B09 /* Entry.swift in Sources */,
				1170DDE42329BAF8008D9B09 /* EntryTableViewCell.swift in Sources */,
				1170DDDE2329727A008D9B09 /* MainViewController.swift in Sources */,
				1170DDE92329C907008D9B09 /* UIImage+Extensions.swift in Sources */,
				1170DDC7232971D4008D9B09 /* AppDelegate.swift in Sources */,
				1170DDE02329844B008D9B09 /* RedditClient.swift in Sources */,
				1170DDE72329C8DE008D9B09 /* Date+Extensions.swift in Sources */,
			);
			runOnlyForDeploymentPostprocessing = 0;
		};
/* End PBXSourcesBuildPhase section */

/* Begin PBXVariantGroup section */
		1170DDCA232971D4008D9B09 /* Main.storyboard */ = {
			isa = PBXVariantGroup;
			children = (
				1170DDCB232971D4008D9B09 /* Base */,
			);
			name = Main.storyboard;
			sourceTree = "<group>";
		};
		1170DDCF232971D7008D9B09 /* LaunchScreen.storyboard */ = {
			isa = PBXVariantGroup;
			children = (
				1170DDD0232971D7008D9B09 /* Base */,
			);
			name = LaunchScreen.storyboard;
			sourceTree = "<group>";
		};
/* End PBXVariantGroup section */

/* Begin XCBuildConfiguration section */
		1170DDD3232971D7008D9B09 /* Debug */ = {
			isa = XCBuildConfiguration;
			buildSettings = {
				ALWAYS_SEARCH_USER_PATHS = NO;
				CLANG_ANALYZER_NONNULL = YES;
				CLANG_ANALYZER_NUMBER_OBJECT_CONVERSION = YES_AGGRESSIVE;
				CLANG_CXX_LANGUAGE_STANDARD = "gnu++14";
				CLANG_CXX_LIBRARY = "libc++";
				CLANG_ENABLE_MODULES = YES;
				CLANG_ENABLE_OBJC_ARC = YES;
				CLANG_ENABLE_OBJC_WEAK = YES;
				CLANG_WARN_BLOCK_CAPTURE_AUTORELEASING = YES;
				CLANG_WARN_BOOL_CONVERSION = YES;
				CLANG_WARN_COMMA = YES;
				CLANG_WARN_CONSTANT_CONVERSION = YES;
				CLANG_WARN_DEPRECATED_OBJC_IMPLEMENTATIONS = YES;
				CLANG_WARN_DIRECT_OBJC_ISA_USAGE = YES_ERROR;
				CLANG_WARN_DOCUMENTATION_COMMENTS = YES;
				CLANG_WARN_EMPTY_BODY = YES;
				CLANG_WARN_ENUM_CONVERSION = YES;
				CLANG_WARN_INFINITE_RECURSION = YES;
				CLANG_WARN_INT_CONVERSION = YES;
				CLANG_WARN_NON_LITERAL_NULL_CONVERSION = YES;
				CLANG_WARN_OBJC_IMPLICIT_RETAIN_SELF = YES;
				CLANG_WARN_OBJC_LITERAL_CONVERSION = YES;
				CLANG_WARN_OBJC_ROOT_CLASS = YES_ERROR;
				CLANG_WARN_RANGE_LOOP_ANALYSIS = YES;
				CLANG_WARN_STRICT_PROTOTYPES = YES;
				CLANG_WARN_SUSPICIOUS_MOVE = YES;
				CLANG_WARN_UNGUARDED_AVAILABILITY = YES_AGGRESSIVE;
				CLANG_WARN_UNREACHABLE_CODE = YES;
				CLANG_WARN__DUPLICATE_METHOD_MATCH = YES;
				CODE_SIGN_IDENTITY = "iPhone Developer";
				COPY_PHASE_STRIP = NO;
				DEBUG_INFORMATION_FORMAT = dwarf;
				ENABLE_STRICT_OBJC_MSGSEND = YES;
				ENABLE_TESTABILITY = YES;
				GCC_C_LANGUAGE_STANDARD = gnu11;
				GCC_DYNAMIC_NO_PIC = NO;
				GCC_NO_COMMON_BLOCKS = YES;
				GCC_OPTIMIZATION_LEVEL = 0;
				GCC_PREPROCESSOR_DEFINITIONS = (
					"DEBUG=1",
					"$(inherited)",
				);
				GCC_WARN_64_TO_32_BIT_CONVERSION = YES;
				GCC_WARN_ABOUT_RETURN_TYPE = YES_ERROR;
				GCC_WARN_UNDECLARED_SELECTOR = YES;
				GCC_WARN_UNINITIALIZED_AUTOS = YES_AGGRESSIVE;
				GCC_WARN_UNUSED_FUNCTION = YES;
				GCC_WARN_UNUSED_VARIABLE = YES;
				IPHONEOS_DEPLOYMENT_TARGET = 12.4;
				MTL_ENABLE_DEBUG_INFO = INCLUDE_SOURCE;
				MTL_FAST_MATH = YES;
				ONLY_ACTIVE_ARCH = YES;
				SDKROOT = iphoneos;
				SWIFT_ACTIVE_COMPILATION_CONDITIONS = DEBUG;
				SWIFT_OPTIMIZATION_LEVEL = "-Onone";
			};
			name = Debug;
		};
		1170DDD4232971D7008D9B09 /* Release */ = {
			isa = XCBuildConfiguration;
			buildSettings = {
				ALWAYS_SEARCH_USER_PATHS = NO;
				CLANG_ANALYZER_NONNULL = YES;
				CLANG_ANALYZER_NUMBER_OBJECT_CONVERSION = YES_AGGRESSIVE;
				CLANG_CXX_LANGUAGE_STANDARD = "gnu++14";
				CLANG_CXX_LIBRARY = "libc++";
				CLANG_ENABLE_MODULES = YES;
				CLANG_ENABLE_OBJC_ARC = YES;
				CLANG_ENABLE_OBJC_WEAK = YES;
				CLANG_WARN_BLOCK_CAPTURE_AUTORELEASING = YES;
				CLANG_WARN_BOOL_CONVERSION = YES;
				CLANG_WARN_COMMA = YES;
				CLANG_WARN_CONSTANT_CONVERSION = YES;
				CLANG_WARN_DEPRECATED_OBJC_IMPLEMENTATIONS = YES;
				CLANG_WARN_DIRECT_OBJC_ISA_USAGE = YES_ERROR;
				CLANG_WARN_DOCUMENTATION_COMMENTS = YES;
				CLANG_WARN_EMPTY_BODY = YES;
				CLANG_WARN_ENUM_CONVERSION = YES;
				CLANG_WARN_INFINITE_RECURSION = YES;
				CLANG_WARN_INT_CONVERSION = YES;
				CLANG_WARN_NON_LITERAL_NULL_CONVERSION = YES;
				CLANG_WARN_OBJC_IMPLICIT_RETAIN_SELF = YES;
				CLANG_WARN_OBJC_LITERAL_CONVERSION = YES;
				CLANG_WARN_OBJC_ROOT_CLASS = YES_ERROR;
				CLANG_WARN_RANGE_LOOP_ANALYSIS = YES;
				CLANG_WARN_STRICT_PROTOTYPES = YES;
				CLANG_WARN_SUSPICIOUS_MOVE = YES;
				CLANG_WARN_UNGUARDED_AVAILABILITY = YES_AGGRESSIVE;
				CLANG_WARN_UNREACHABLE_CODE = YES;
				CLANG_WARN__DUPLICATE_METHOD_MATCH = YES;
				CODE_SIGN_IDENTITY = "iPhone Developer";
				COPY_PHASE_STRIP = NO;
				DEBUG_INFORMATION_FORMAT = "dwarf-with-dsym";
				ENABLE_NS_ASSERTIONS = NO;
				ENABLE_STRICT_OBJC_MSGSEND = YES;
				GCC_C_LANGUAGE_STANDARD = gnu11;
				GCC_NO_COMMON_BLOCKS = YES;
				GCC_WARN_64_TO_32_BIT_CONVERSION = YES;
				GCC_WARN_ABOUT_RETURN_TYPE = YES_ERROR;
				GCC_WARN_UNDECLARED_SELECTOR = YES;
				GCC_WARN_UNINITIALIZED_AUTOS = YES_AGGRESSIVE;
				GCC_WARN_UNUSED_FUNCTION = YES;
				GCC_WARN_UNUSED_VARIABLE = YES;
				IPHONEOS_DEPLOYMENT_TARGET = 12.4;
				MTL_ENABLE_DEBUG_INFO = NO;
				MTL_FAST_MATH = YES;
				SDKROOT = iphoneos;
				SWIFT_COMPILATION_MODE = wholemodule;
				SWIFT_OPTIMIZATION_LEVEL = "-O";
				VALIDATE_PRODUCT = YES;
			};
			name = Release;
		};
		1170DDD6232971D7008D9B09 /* Debug */ = {
			isa = XCBuildConfiguration;
			buildSettings = {
				ASSETCATALOG_COMPILER_APPICON_NAME = AppIcon;
				CODE_SIGN_STYLE = Automatic;
				DEVELOPMENT_TEAM = Z4LVZ378L6;
				INFOPLIST_FILE = RedditTopEntries/Info.plist;
				LD_RUNPATH_SEARCH_PATHS = (
					"$(inherited)",
					"@executable_path/Frameworks",
				);
				PRODUCT_BUNDLE_IDENTIFIER = rdesantiago.RedditTopEntries;
				PRODUCT_NAME = "$(TARGET_NAME)";
				SWIFT_VERSION = 5.0;
				TARGETED_DEVICE_FAMILY = "1,2";
			};
			name = Debug;
		};
		1170DDD7232971D7008D9B09 /* Release */ = {
			isa = XCBuildConfiguration;
			buildSettings = {
				ASSETCATALOG_COMPILER_APPICON_NAME = AppIcon;
				CODE_SIGN_STYLE = Automatic;
				DEVELOPMENT_TEAM = Z4LVZ378L6;
				INFOPLIST_FILE = RedditTopEntries/Info.plist;
				LD_RUNPATH_SEARCH_PATHS = (
					"$(inherited)",
					"@executable_path/Frameworks",
				);
				PRODUCT_BUNDLE_IDENTIFIER = rdesantiago.RedditTopEntries;
				PRODUCT_NAME = "$(TARGET_NAME)";
				SWIFT_VERSION = 5.0;
				TARGETED_DEVICE_FAMILY = "1,2";
			};
			name = Release;
		};
/* End XCBuildConfiguration section */

/* Begin XCConfigurationList section */
		1170DDBE232971D4008D9B09 /* Build configuration list for PBXProject "RedditTopEntries" */ = {
			isa = XCConfigurationList;
			buildConfigurations = (
				1170DDD3232971D7008D9B09 /* Debug */,
				1170DDD4232971D7008D9B09 /* Release */,
			);
			defaultConfigurationIsVisible = 0;
			defaultConfigurationName = Release;
		};
		1170DDD5232971D7008D9B09 /* Build configuration list for PBXNativeTarget "RedditTopEntries" */ = {
			isa = XCConfigurationList;
			buildConfigurations = (
				1170DDD6232971D7008D9B09 /* Debug */,
				1170DDD7232971D7008D9B09 /* Release */,
			);
			defaultConfigurationIsVisible = 0;
			defaultConfigurationName = Release;
		};
/* End XCConfigurationList section */
	};
	rootObject = 1170DDBB232971D4008D9B09 /* Project object */;
}
